
Microsoft Visual Studio Solution File, Format Version 12.00
# Visual Studio Version 16
VisualStudioVersion = 16.0.32126.315
MinimumVisualStudioVersion = 10.0.40219.1
Project("{FAE04EC0-301F-11D3-BF4B-00C04F79EFBC}") = "OrderManagement", "OrderManagement\OrderManagement.csproj", "{0744E3B0-E451-4E79-88BC-119816F04ACE}"
EndProject
Global
	GlobalSection(SolutionConfigurationPlatforms) = preSolution
		Debug|Any CPU = Debug|Any CPU
		Release|Any CPU = Release|Any CPU
	EndGlobalSection
	GlobalSection(ProjectConfigurationPlatforms) = postSolution
		{0744E3B0-E451-4E79-88BC-119816F04ACE}.Debug|Any CPU.ActiveCfg = Debug|Any CPU
		{0744E3B0-E451-4E79-88BC-119816F04ACE}.Debug|Any CPU.Build.0 = Debug|Any CPU
		{0744E3B0-E451-4E79-88BC-119816F04ACE}.Release|Any CPU.ActiveCfg = Release|Any CPU
		{0744E3B0-E451-4E79-88BC-119816F04ACE}.Release|Any CPU.Build.0 = Release|Any CPU
	EndGlobalSection
	GlobalSection(SolutionProperties) = preSolution
		HideSolutionNode = FALSE
	EndGlobalSection
	GlobalSection(ExtensibilityGlobals) = postSolution
		SolutionGuid = {A42B2BC6-5571-430E-ABAA-DB6ED54E877E}
	EndGlobalSection
EndGlobal
