
Microsoft Visual Studio Solution File, Format Version 12.00
# Visual Studio Version 16
VisualStudioVersion = 16.0.32126.315
MinimumVisualStudioVersion = 10.0.40219.1
Project("{9A19103F-16F7-4668-BE54-9A1E7A4F7556}") = "OrderApi", "OrderApi\OrderApi.csproj", "{31515588-D6BA-41AE-B19D-AC2BBCDE96DC}"
EndProject
Global
	GlobalSection(SolutionConfigurationPlatforms) = preSolution
		Debug|Any CPU = Debug|Any CPU
		Release|Any CPU = Release|Any CPU
	EndGlobalSection
	GlobalSection(ProjectConfigurationPlatforms) = postSolution
		{31515588-D6BA-41AE-B19D-AC2BBCDE96DC}.Debug|Any CPU.ActiveCfg = Debug|Any CPU
		{31515588-D6BA-41AE-B19D-AC2BBCDE96DC}.Debug|Any CPU.Build.0 = Debug|Any CPU
		{31515588-D6BA-41AE-B19D-AC2BBCDE96DC}.Release|Any CPU.ActiveCfg = Release|Any CPU
		{31515588-D6BA-41AE-B19D-AC2BBCDE96DC}.Release|Any CPU.Build.0 = Release|Any CPU
	EndGlobalSection
	GlobalSection(SolutionProperties) = preSolution
		HideSolutionNode = FALSE
	EndGlobalSection
	GlobalSection(ExtensibilityGlobals) = postSolution
		SolutionGuid = {773AB3C5-056D-443C-A2D6-E6D4BEBBFF95}
	EndGlobalSection
EndGlobal
